
Microsoft Visual Studio Solution File, Format Version 12.00
# Visual Studio Version 16
VisualStudioVersion = 16.0.29519.87
MinimumVisualStudioVersion = 10.0.40219.1
Project("{FAE04EC0-301F-11D3-BF4B-00C04F79EFBC}") = "Graph.ShareLink.API", "Graph.ShareLink.API\Graph.ShareLink.API.csproj", "{DBF02085-535D-4786-9A70-4CC496C49FC4}"
EndProject
Project("{FAE04EC0-301F-11D3-BF4B-00C04F79EFBC}") = "Graph.ShareLink.UI", "Graph.ShareLink.UI\Graph.ShareLink.UI.csproj", "{65B365C4-1D80-4546-A737-F56E01C06A4D}"
EndProject
Global
	GlobalSection(SolutionConfigurationPlatforms) = preSolution
		Debug|Any CPU = Debug|Any CPU
		Release|Any CPU = Release|Any CPU
	EndGlobalSection
	GlobalSection(ProjectConfigurationPlatforms) = postSolution
		{DBF02085-535D-4786-9A70-4CC496C49FC4}.Debug|Any CPU.ActiveCfg = Debug|Any CPU
		{DBF02085-535D-4786-9A70-4CC496C49FC4}.Debug|Any CPU.Build.0 = Debug|Any CPU
		{DBF02085-535D-4786-9A70-4CC496C49FC4}.Release|Any CPU.ActiveCfg = Release|Any CPU
		{DBF02085-535D-4786-9A70-4CC496C49FC4}.Release|Any CPU.Build.0 = Release|Any CPU
		{65B365C4-1D80-4546-A737-F56E01C06A4D}.Debug|Any CPU.ActiveCfg = Debug|Any CPU
		{65B365C4-1D80-4546-A737-F56E01C06A4D}.Debug|Any CPU.Build.0 = Debug|Any CPU
		{65B365C4-1D80-4546-A737-F56E01C06A4D}.Release|Any CPU.ActiveCfg = Release|Any CPU
		{65B365C4-1D80-4546-A737-F56E01C06A4D}.Release|Any CPU.Build.0 = Release|Any CPU
	EndGlobalSection
	GlobalSection(SolutionProperties) = preSolution
		HideSolutionNode = FALSE
	EndGlobalSection
	GlobalSection(ExtensibilityGlobals) = postSolution
		SolutionGuid = {081BCF24-953C-4EF3-84F5-349A6D55DC4B}
	EndGlobalSection
EndGlobal
